
Microsoft Visual Studio Solution File, Format Version 12.00
# Visual Studio 15
Project("{FAE04EC0-301F-11D3-BF4B-00C04F79EFBC}") = "Assembly-CSharp", "Assembly-CSharp.csproj", "{53980AC9-DE55-128F-D81F-123BE7A65396}"
EndProject
Project("{FAE04EC0-301F-11D3-BF4B-00C04F79EFBC}") = "ParrelSync", "ParrelSync.csproj", "{43AD2849-1FC6-92B0-45A1-27F33377AC75}"
EndProject
Global
	GlobalSection(SolutionConfigurationPlatforms) = preSolution
		Debug|Any CPU = Debug|Any CPU
		Release|Any CPU = Release|Any CPU
	EndGlobalSection
	GlobalSection(ProjectConfigurationPlatforms) = postSolution
		{53980AC9-DE55-128F-D81F-123BE7A65396}.Debug|Any CPU.ActiveCfg = Debug|Any CPU
		{53980AC9-DE55-128F-D81F-123BE7A65396}.Debug|Any CPU.Build.0 = Debug|Any CPU
		{53980AC9-DE55-128F-D81F-123BE7A65396}.Release|Any CPU.ActiveCfg = Release|Any CPU
		{53980AC9-DE55-128F-D81F-123BE7A65396}.Release|Any CPU.Build.0 = Release|Any CPU
		{43AD2849-1FC6-92B0-45A1-27F33377AC75}.Debug|Any CPU.ActiveCfg = Debug|Any CPU
		{43AD2849-1FC6-92B0-45A1-27F33377AC75}.Debug|Any CPU.Build.0 = Debug|Any CPU
		{43AD2849-1FC6-92B0-45A1-27F33377AC75}.Release|Any CPU.ActiveCfg = Release|Any CPU
		{43AD2849-1FC6-92B0-45A1-27F33377AC75}.Release|Any CPU.Build.0 = Release|Any CPU
	EndGlobalSection
	GlobalSection(SolutionProperties) = preSolution
		HideSolutionNode = FALSE
	EndGlobalSection
EndGlobal
